
Microsoft Visual Studio Solution File, Format Version 12.00
# Visual Studio Version 17
VisualStudioVersion = 17.8.34316.72
MinimumVisualStudioVersion = 10.0.40219.1
Project("{FAE04EC0-301F-11D3-BF4B-00C04F79EFBC}") = "stonecutter", "stonecutter.csproj", "{B3F9DA3F-5CCE-429A-B15F-B367860F7F2D}"
EndProject
Global
	GlobalSection(SolutionConfigurationPlatforms) = preSolution
		Debug|Any CPU = Debug|Any CPU
		Release|Any CPU = Release|Any CPU
	EndGlobalSection
	GlobalSection(ProjectConfigurationPlatforms) = postSolution
		{B3F9DA3F-5CCE-429A-B15F-B367860F7F2D}.Debug|Any CPU.ActiveCfg = Debug|Any CPU
		{B3F9DA3F-5CCE-429A-B15F-B367860F7F2D}.Debug|Any CPU.Build.0 = Debug|Any CPU
		{B3F9DA3F-5CCE-429A-B15F-B367860F7F2D}.Release|Any CPU.ActiveCfg = Release|Any CPU
		{B3F9DA3F-5CCE-429A-B15F-B367860F7F2D}.Release|Any CPU.Build.0 = Release|Any CPU
	EndGlobalSection
	GlobalSection(SolutionProperties) = preSolution
		HideSolutionNode = FALSE
	EndGlobalSection
	GlobalSection(ExtensibilityGlobals) = postSolution
		SolutionGuid = {0965F86B-6881-414F-A1E5-A1BA7B211E6A}
	EndGlobalSection
EndGlobal
